
Microsoft Visual Studio Solution File, Format Version 12.00
# Visual Studio Version 17
VisualStudioVersion = 17.11.35327.3
MinimumVisualStudioVersion = 10.0.40219.1
Project("{FAE04EC0-301F-11D3-BF4B-00C04F79EFBC}") = "ConsoleApp1", "ConsoleApp1.csproj", "{66D70492-F048-421B-9D13-A6369C02CB0E}"
EndProject
Global
	GlobalSection(SolutionConfigurationPlatforms) = preSolution
		Debug|Any CPU = Debug|Any CPU
		Release|Any CPU = Release|Any CPU
	EndGlobalSection
	GlobalSection(ProjectConfigurationPlatforms) = postSolution
		{66D70492-F048-421B-9D13-A6369C02CB0E}.Debug|Any CPU.ActiveCfg = Debug|Any CPU
		{66D70492-F048-421B-9D13-A6369C02CB0E}.Debug|Any CPU.Build.0 = Debug|Any CPU
		{66D70492-F048-421B-9D13-A6369C02CB0E}.Release|Any CPU.ActiveCfg = Release|Any CPU
		{66D70492-F048-421B-9D13-A6369C02CB0E}.Release|Any CPU.Build.0 = Release|Any CPU
	EndGlobalSection
	GlobalSection(SolutionProperties) = preSolution
		HideSolutionNode = FALSE
	EndGlobalSection
	GlobalSection(ExtensibilityGlobals) = postSolution
		SolutionGuid = {3C437A47-5C6B-4B9C-B73D-11C623575A4D}
	EndGlobalSection
EndGlobal
